// !$*UTF8*$!
{
	archiveVersion = 1;
	classes = {
	};
	objectVersion = 46;
	objects = {

/* Begin PBXBuildFile section */
		30EE7D70A6E1E562406D8D17 /* Pods.framework in Frameworks */ = {isa = PBXBuildFile; fileRef = 60F53FC21A0C367DE616972F /* Pods.framework */; };
		9001D6721C3A52DE00DAACE5 /* DetailCell.swift in Sources */ = {isa = PBXBuildFile; fileRef = 9001D6711C3A52DE00DAACE5 /* DetailCell.swift */; };
		901F76FF1C2834C100F8B205 /* CateViewController.swift in Sources */ = {isa = PBXBuildFile; fileRef = 901F76FE1C2834C100F8B205 /* CateViewController.swift */; };
		901F77011C284D5600F8B205 /* SubCateViewController.swift in Sources */ = {isa = PBXBuildFile; fileRef = 901F77001C284D5600F8B205 /* SubCateViewController.swift */; };
		90A2BB3D1C378AF600BF2244 /* PostCell.swift in Sources */ = {isa = PBXBuildFile; fileRef = 90A2BB3C1C378AF600BF2244 /* PostCell.swift */; };
		90A56E201C2A22E00082108B /* forum.swift in Sources */ = {isa = PBXBuildFile; fileRef = 90A56E1F1C2A22E00082108B /* forum.swift */; };
		90A90E1E1C28ECFF008A222F /* User.swift in Sources */ = {isa = PBXBuildFile; fileRef = 90A90E1D1C28ECFF008A222F /* User.swift */; };
		90AEB65A1C2DA08F002F6C69 /* AllViewController.swift in Sources */ = {isa = PBXBuildFile; fileRef = 90AEB6591C2DA08F002F6C69 /* AllViewController.swift */; };
		90D70E851C33CE3F002B90B8 /* MJRefreshAutoFooter.m in Sources */ = {isa = PBXBuildFile; fileRef = 90D70E5B1C33CE3F002B90B8 /* MJRefreshAutoFooter.m */; };
		90D70E861C33CE3F002B90B8 /* MJRefreshBackFooter.m in Sources */ = {isa = PBXBuildFile; fileRef = 90D70E5D1C33CE3F002B90B8 /* MJRefreshBackFooter.m */; };
		90D70E871C33CE3F002B90B8 /* MJRefreshComponent.m in Sources */ = {isa = PBXBuildFile; fileRef = 90D70E5F1C33CE3F002B90B8 /* MJRefreshComponent.m */; };
		90D70E881C33CE3F002B90B8 /* MJRefreshFooter.m in Sources */ = {isa = PBXBuildFile; fileRef = 90D70E611C33CE3F002B90B8 /* MJRefreshFooter.m */; };
		90D70E891C33CE3F002B90B8 /* MJRefreshHeader.m in Sources */ = {isa = PBXBuildFile; fileRef = 90D70E631C33CE3F002B90B8 /* MJRefreshHeader.m */; };
		90D70E8A1C33CE3F002B90B8 /* MJRefreshAutoGifFooter.m in Sources */ = {isa = PBXBuildFile; fileRef = 90D70E681C33CE3F002B90B8 /* MJRefreshAutoGifFooter.m */; };
		90D70E8B1C33CE3F002B90B8 /* MJRefreshAutoNormalFooter.m in Sources */ = {isa = PBXBuildFile; fileRef = 90D70E6A1C33CE3F002B90B8 /* MJRefreshAutoNormalFooter.m */; };
		90D70E8C1C33CE3F002B90B8 /* MJRefreshAutoStateFooter.m in Sources */ = {isa = PBXBuildFile; fileRef = 90D70E6C1C33CE3F002B90B8 /* MJRefreshAutoStateFooter.m */; };
		90D70E8D1C33CE3F002B90B8 /* MJRefreshBackGifFooter.m in Sources */ = {isa = PBXBuildFile; fileRef = 90D70E6F1C33CE3F002B90B8 /* MJRefreshBackGifFooter.m */; };
		90D70E8E1C33CE3F002B90B8 /* MJRefreshBackNormalFooter.m in Sources */ = {isa = PBXBuildFile; fileRef = 90D70E711C33CE3F002B90B8 /* MJRefreshBackNormalFooter.m */; };
		90D70E8F1C33CE3F002B90B8 /* MJRefreshBackStateFooter.m in Sources */ = {isa = PBXBuildFile; fileRef = 90D70E731C33CE3F002B90B8 /* MJRefreshBackStateFooter.m */; };
		90D70E901C33CE3F002B90B8 /* MJRefreshGifHeader.m in Sources */ = {isa = PBXBuildFile; fileRef = 90D70E761C33CE3F002B90B8 /* MJRefreshGifHeader.m */; };
		90D70E911C33CE3F002B90B8 /* MJRefreshNormalHeader.m in Sources */ = {isa = PBXBuildFile; fileRef = 90D70E781C33CE3F002B90B8 /* MJRefreshNormalHeader.m */; };
		90D70E921C33CE3F002B90B8 /* MJRefreshStateHeader.m in Sources */ = {isa = PBXBuildFile; fileRef = 90D70E7A1C33CE3F002B90B8 /* MJRefreshStateHeader.m */; };
		90D70E931C33CE3F002B90B8 /* MJRefresh.bundle in Resources */ = {isa = PBXBuildFile; fileRef = 90D70E7B1C33CE3F002B90B8 /* MJRefresh.bundle */; };
		90D70E941C33CE3F002B90B8 /* MJRefreshConst.m in Sources */ = {isa = PBXBuildFile; fileRef = 90D70E7E1C33CE3F002B90B8 /* MJRefreshConst.m */; };
		90D70E951C33CE3F002B90B8 /* UIScrollView+MJExtension.m in Sources */ = {isa = PBXBuildFile; fileRef = 90D70E801C33CE3F002B90B8 /* UIScrollView+MJExtension.m */; };
		90D70E961C33CE3F002B90B8 /* UIScrollView+MJRefresh.m in Sources */ = {isa = PBXBuildFile; fileRef = 90D70E821C33CE3F002B90B8 /* UIScrollView+MJRefresh.m */; };
		90D70E971C33CE3F002B90B8 /* UIView+MJExtension.m in Sources */ = {isa = PBXBuildFile; fileRef = 90D70E841C33CE3F002B90B8 /* UIView+MJExtension.m */; };
		90E9A2351C281384002804E5 /* AppDelegate.swift in Sources */ = {isa = PBXBuildFile; fileRef = 90E9A2341C281384002804E5 /* AppDelegate.swift */; };
		90E9A23A1C281384002804E5 /* Main.storyboard in Resources */ = {isa = PBXBuildFile; fileRef = 90E9A2381C281384002804E5 /* Main.storyboard */; };
		90E9A23C1C281384002804E5 /* Assets.xcassets in Resources */ = {isa = PBXBuildFile; fileRef = 90E9A23B1C281384002804E5 /* Assets.xcassets */; };
		90E9A23F1C281384002804E5 /* LaunchScreen.storyboard in Resources */ = {isa = PBXBuildFile; fileRef = 90E9A23D1C281384002804E5 /* LaunchScreen.storyboard */; };
		90F316581C321C210087E230 /* Config.swift in Sources */ = {isa = PBXBuildFile; fileRef = 90F316571C321C210087E230 /* Config.swift */; };
		90FF68521C2FAA940090B086 /* DetailViewController.swift in Sources */ = {isa = PBXBuildFile; fileRef = 90FF68511C2FAA940090B086 /* DetailViewController.swift */; };
/* End PBXBuildFile section */

/* Begin PBXFileReference section */
		60F53FC21A0C367DE616972F /* Pods.framework */ = {isa = PBXFileReference; explicitFileType = wrapper.framework; includeInIndex = 0; path = Pods.framework; sourceTree = BUILT_PRODUCTS_DIR; };
		6D84A8F520948B3932B06AE8 /* Pods.debug.xcconfig */ = {isa = PBXFileReference; includeInIndex = 1; lastKnownFileType = text.xcconfig; name = Pods.debug.xcconfig; path = "Pods/Target Support Files/Pods/Pods.debug.xcconfig"; sourceTree = "<group>"; };
		9001D6711C3A52DE00DAACE5 /* DetailCell.swift */ = {isa = PBXFileReference; fileEncoding = 4; lastKnownFileType = sourcecode.swift; path = DetailCell.swift; sourceTree = "<group>"; };
		901F76FE1C2834C100F8B205 /* CateViewController.swift */ = {isa = PBXFileReference; fileEncoding = 4; lastKnownFileType = sourcecode.swift; lineEnding = 0; path = CateViewController.swift; sourceTree = "<group>"; xcLanguageSpecificationIdentifier = xcode.lang.swift; };
		901F77001C284D5600F8B205 /* SubCateViewController.swift */ = {isa = PBXFileReference; fileEncoding = 4; lastKnownFileType = sourcecode.swift; path = SubCateViewController.swift; sourceTree = "<group>"; };
		905B09751C3A9CBD0060E4C6 /* MyPlayground.playground */ = {isa = PBXFileReference; lastKnownFileType = file.playground; path = MyPlayground.playground; sourceTree = "<group>"; };
		90A2BB3C1C378AF600BF2244 /* PostCell.swift */ = {isa = PBXFileReference; fileEncoding = 4; lastKnownFileType = sourcecode.swift; path = PostCell.swift; sourceTree = "<group>"; };
		90A56E1F1C2A22E00082108B /* forum.swift */ = {isa = PBXFileReference; fileEncoding = 4; lastKnownFileType = sourcecode.swift; path = forum.swift; sourceTree = "<group>"; };
		90A90E1D1C28ECFF008A222F /* User.swift */ = {isa = PBXFileReference; fileEncoding = 4; lastKnownFileType = sourcecode.swift; path = User.swift; sourceTree = "<group>"; };
		90AEB6591C2DA08F002F6C69 /* AllViewController.swift */ = {isa = PBXFileReference; fileEncoding = 4; lastKnownFileType = sourcecode.swift; path = AllViewController.swift; sourceTree = "<group>"; };
		90D70E571C33C85D002B90B8 /* Bridge.h */ = {isa = PBXFileReference; lastKnownFileType = sourcecode.c.h; path = Bridge.h; sourceTree = "<group>"; };
		90D70E5A1C33CE3F002B90B8 /* MJRefreshAutoFooter.h */ = {isa = PBXFileReference; fileEncoding = 4; lastKnownFileType = sourcecode.c.h; path = MJRefreshAutoFooter.h; sourceTree = "<group>"; };
		90D70E5B1C33CE3F002B90B8 /* MJRefreshAutoFooter.m */ = {isa = PBXFileReference; fileEncoding = 4; lastKnownFileType = sourcecode.c.objc; path = MJRefreshAutoFooter.m; sourceTree = "<group>"; };
		90D70E5C1C33CE3F002B90B8 /* MJRefreshBackFooter.h */ = {isa = PBXFileReference; fileEncoding = 4; lastKnownFileType = sourcecode.c.h; path = MJRefreshBackFooter.h; sourceTree = "<group>"; };
		90D70E5D1C33CE3F002B90B8 /* MJRefreshBackFooter.m */ = {isa = PBXFileReference; fileEncoding = 4; lastKnownFileType = sourcecode.c.objc; path = MJRefreshBackFooter.m; sourceTree = "<group>"; };
		90D70E5E1C33CE3F002B90B8 /* MJRefreshComponent.h */ = {isa = PBXFileReference; fileEncoding = 4; lastKnownFileType = sourcecode.c.h; path = MJRefreshComponent.h; sourceTree = "<group>"; };
		90D70E5F1C33CE3F002B90B8 /* MJRefreshComponent.m */ = {isa = PBXFileReference; fileEncoding = 4; lastKnownFileType = sourcecode.c.objc; path = MJRefreshComponent.m; sourceTree = "<group>"; };
		90D70E601C33CE3F002B90B8 /* MJRefreshFooter.h */ = {isa = PBXFileReference; fileEncoding = 4; lastKnownFileType = sourcecode.c.h; path = MJRefreshFooter.h; sourceTree = "<group>"; };
		90D70E611C33CE3F002B90B8 /* MJRefreshFooter.m */ = {isa = PBXFileReference; fileEncoding = 4; lastKnownFileType = sourcecode.c.objc; path = MJRefreshFooter.m; sourceTree = "<group>"; };
		90D70E621C33CE3F002B90B8 /* MJRefreshHeader.h */ = {isa = PBXFileReference; fileEncoding = 4; lastKnownFileType = sourcecode.c.h; path = MJRefreshHeader.h; sourceTree = "<group>"; };
		90D70E631C33CE3F002B90B8 /* MJRefreshHeader.m */ = {isa = PBXFileReference; fileEncoding = 4; lastKnownFileType = sourcecode.c.objc; path = MJRefreshHeader.m; sourceTree = "<group>"; };
		90D70E671C33CE3F002B90B8 /* MJRefreshAutoGifFooter.h */ = {isa = PBXFileReference; fileEncoding = 4; lastKnownFileType = sourcecode.c.h; path = MJRefreshAutoGifFooter.h; sourceTree = "<group>"; };
		90D70E681C33CE3F002B90B8 /* MJRefreshAutoGifFooter.m */ = {isa = PBXFileReference; fileEncoding = 4; lastKnownFileType = sourcecode.c.objc; path = MJRefreshAutoGifFooter.m; sourceTree = "<group>"; };
		90D70E691C33CE3F002B90B8 /* MJRefreshAutoNormalFooter.h */ = {isa = PBXFileReference; fileEncoding = 4; lastKnownFileType = sourcecode.c.h; path = MJRefreshAutoNormalFooter.h; sourceTree = "<group>"; };
		90D70E6A1C33CE3F002B90B8 /* MJRefreshAutoNormalFooter.m */ = {isa = PBXFileReference; fileEncoding = 4; lastKnownFileType = sourcecode.c.objc; path = MJRefreshAutoNormalFooter.m; sourceTree = "<group>"; };
		90D70E6B1C33CE3F002B90B8 /* MJRefreshAutoStateFooter.h */ = {isa = PBXFileReference; fileEncoding = 4; lastKnownFileType = sourcecode.c.h; path = MJRefreshAutoStateFooter.h; sourceTree = "<group>"; };
		90D70E6C1C33CE3F002B90B8 /* MJRefreshAutoStateFooter.m */ = {isa = PBXFileReference; fileEncoding = 4; lastKnownFileType = sourcecode.c.objc; path = MJRefreshAutoStateFooter.m; sourceTree = "<group>"; };
		90D70E6E1C33CE3F002B90B8 /* MJRefreshBackGifFooter.h */ = {isa = PBXFileReference; fileEncoding = 4; lastKnownFileType = sourcecode.c.h; path = MJRefreshBackGifFooter.h; sourceTree = "<group>"; };
		90D70E6F1C33CE3F002B90B8 /* MJRefreshBackGifFooter.m */ = {isa = PBXFileReference; fileEncoding = 4; lastKnownFileType = sourcecode.c.objc; path = MJRefreshBackGifFooter.m; sourceTree = "<group>"; };
		90D70E701C33CE3F002B90B8 /* MJRefreshBackNormalFooter.h */ = {isa = PBXFileReference; fileEncoding = 4; lastKnownFileType = sourcecode.c.h; path = MJRefreshBackNormalFooter.h; sourceTree = "<group>"; };
		90D70E711C33CE3F002B90B8 /* MJRefreshBackNormalFooter.m */ = {isa = PBXFileReference; fileEncoding = 4; lastKnownFileType = sourcecode.c.objc; path = MJRefreshBackNormalFooter.m; sourceTree = "<group>"; };
		90D70E721C33CE3F002B90B8 /* MJRefreshBackStateFooter.h */ = {isa = PBXFileReference; fileEncoding = 4; lastKnownFileType = sourcecode.c.h; path = MJRefreshBackStateFooter.h; sourceTree = "<group>"; };
		90D70E731C33CE3F002B90B8 /* MJRefreshBackStateFooter.m */ = {isa = PBXFileReference; fileEncoding = 4; lastKnownFileType = sourcecode.c.objc; path = MJRefreshBackStateFooter.m; sourceTree = "<group>"; };
		90D70E751C33CE3F002B90B8 /* MJRefreshGifHeader.h */ = {isa = PBXFileReference; fileEncoding = 4; lastKnownFileType = sourcecode.c.h; path = MJRefreshGifHeader.h; sourceTree = "<group>"; };
		90D70E761C33CE3F002B90B8 /* MJRefreshGifHeader.m */ = {isa = PBXFileReference; fileEncoding = 4; lastKnownFileType = sourcecode.c.objc; path = MJRefreshGifHeader.m; sourceTree = "<group>"; };
		90D70E771C33CE3F002B90B8 /* MJRefreshNormalHeader.h */ = {isa = PBXFileReference; fileEncoding = 4; lastKnownFileType = sourcecode.c.h; path = MJRefreshNormalHeader.h; sourceTree = "<group>"; };
		90D70E781C33CE3F002B90B8 /* MJRefreshNormalHeader.m */ = {isa = PBXFileReference; fileEncoding = 4; lastKnownFileType = sourcecode.c.objc; path = MJRefreshNormalHeader.m; sourceTree = "<group>"; };
		90D70E791C33CE3F002B90B8 /* MJRefreshStateHeader.h */ = {isa = PBXFileReference; fileEncoding = 4; lastKnownFileType = sourcecode.c.h; path = MJRefreshStateHeader.h; sourceTree = "<group>"; };
		90D70E7A1C33CE3F002B90B8 /* MJRefreshStateHeader.m */ = {isa = PBXFileReference; fileEncoding = 4; lastKnownFileType = sourcecode.c.objc; path = MJRefreshStateHeader.m; sourceTree = "<group>"; };
		90D70E7B1C33CE3F002B90B8 /* MJRefresh.bundle */ = {isa = PBXFileReference; lastKnownFileType = "wrapper.plug-in"; path = MJRefresh.bundle; sourceTree = "<group>"; };
		90D70E7C1C33CE3F002B90B8 /* MJRefresh.h */ = {isa = PBXFileReference; fileEncoding = 4; lastKnownFileType = sourcecode.c.h; path = MJRefresh.h; sourceTree = "<group>"; };
		90D70E7D1C33CE3F002B90B8 /* MJRefreshConst.h */ = {isa = PBXFileReference; fileEncoding = 4; lastKnownFileType = sourcecode.c.h; path = MJRefreshConst.h; sourceTree = "<group>"; };
		90D70E7E1C33CE3F002B90B8 /* MJRefreshConst.m */ = {isa = PBXFileReference; fileEncoding = 4; lastKnownFileType = sourcecode.c.objc; path = MJRefreshConst.m; sourceTree = "<group>"; };
		90D70E7F1C33CE3F002B90B8 /* UIScrollView+MJExtension.h */ = {isa = PBXFileReference; fileEncoding = 4; lastKnownFileType = sourcecode.c.h; path = "UIScrollView+MJExtension.h"; sourceTree = "<group>"; };
		90D70E801C33CE3F002B90B8 /* UIScrollView+MJExtension.m */ = {isa = PBXFileReference; fileEncoding = 4; lastKnownFileType = sourcecode.c.objc; path = "UIScrollView+MJExtension.m"; sourceTree = "<group>"; };
		90D70E811C33CE3F002B90B8 /* UIScrollView+MJRefresh.h */ = {isa = PBXFileReference; fileEncoding = 4; lastKnownFileType = sourcecode.c.h; path = "UIScrollView+MJRefresh.h"; sourceTree = "<group>"; };
		90D70E821C33CE3F002B90B8 /* UIScrollView+MJRefresh.m */ = {isa = PBXFileReference; fileEncoding = 4; lastKnownFileType = sourcecode.c.objc; path = "UIScrollView+MJRefresh.m"; sourceTree = "<group>"; };
		90D70E831C33CE3F002B90B8 /* UIView+MJExtension.h */ = {isa = PBXFileReference; fileEncoding = 4; lastKnownFileType = sourcecode.c.h; path = "UIView+MJExtension.h"; sourceTree = "<group>"; };
		90D70E841C33CE3F002B90B8 /* UIView+MJExtension.m */ = {isa = PBXFileReference; fileEncoding = 4; lastKnownFileType = sourcecode.c.objc; path = "UIView+MJExtension.m"; sourceTree = "<group>"; };
		90E9A2311C281384002804E5 /* lzqBBS.app */ = {isa = PBXFileReference; explicitFileType = wrapper.application; includeInIndex = 0; path = lzqBBS.app; sourceTree = BUILT_PRODUCTS_DIR; };
		90E9A2341C281384002804E5 /* AppDelegate.swift */ = {isa = PBXFileReference; lastKnownFileType = sourcecode.swift; path = AppDelegate.swift; sourceTree = "<group>"; };
		90E9A2391C281384002804E5 /* Base */ = {isa = PBXFileReference; lastKnownFileType = file.storyboard; name = Base; path = Base.lproj/Main.storyboard; sourceTree = "<group>"; };
		90E9A23B1C281384002804E5 /* Assets.xcassets */ = {isa = PBXFileReference; lastKnownFileType = folder.assetcatalog; path = Assets.xcassets; sourceTree = "<group>"; };
		90E9A23E1C281384002804E5 /* Base */ = {isa = PBXFileReference; lastKnownFileType = file.storyboard; name = Base; path = Base.lproj/LaunchScreen.storyboard; sourceTree = "<group>"; };
		90E9A2401C281384002804E5 /* Info.plist */ = {isa = PBXFileReference; lastKnownFileType = text.plist.xml; path = Info.plist; sourceTree = "<group>"; };
		90F316571C321C210087E230 /* Config.swift */ = {isa = PBXFileReference; fileEncoding = 4; lastKnownFileType = sourcecode.swift; path = Config.swift; sourceTree = "<group>"; };
		90FF68511C2FAA940090B086 /* DetailViewController.swift */ = {isa = PBXFileReference; fileEncoding = 4; lastKnownFileType = sourcecode.swift; path = DetailViewController.swift; sourceTree = "<group>"; };
		9C5F513880197BB765DF86BA /* Pods.release.xcconfig */ = {isa = PBXFileReference; includeInIndex = 1; lastKnownFileType = text.xcconfig; name = Pods.release.xcconfig; path = "Pods/Target Support Files/Pods/Pods.release.xcconfig"; sourceTree = "<group>"; };
/* End PBXFileReference section */

/* Begin PBXFrameworksBuildPhase section */
		90E9A22E1C281384002804E5 /* Frameworks */ = {
			isa = PBXFrameworksBuildPhase;
			buildActionMask = 2147483647;
			files = (
				30EE7D70A6E1E562406D8D17 /* Pods.framework in Frameworks */,
			);
			runOnlyForDeploymentPostprocessing = 0;
		};
/* End PBXFrameworksBuildPhase section */

/* Begin PBXGroup section */
		29BCA774A4952B334CF36ED2 /* Frameworks */ = {
			isa = PBXGroup;
			children = (
				60F53FC21A0C367DE616972F /* Pods.framework */,
			);
			name = Frameworks;
			sourceTree = "<group>";
		};
		3C02054EA275D37F608AAB96 /* Pods */ = {
			isa = PBXGroup;
			children = (
				6D84A8F520948B3932B06AE8 /* Pods.debug.xcconfig */,
				9C5F513880197BB765DF86BA /* Pods.release.xcconfig */,
			);
			name = Pods;
			sourceTree = "<group>";
		};
		90A90E1C1C28ECD6008A222F /* Module */ = {
			isa = PBXGroup;
			children = (
				90D70E581C33CE3F002B90B8 /* MJRefresh */,
				90A90E1D1C28ECFF008A222F /* User.swift */,
				90A56E1F1C2A22E00082108B /* forum.swift */,
			);
			name = Module;
			sourceTree = "<group>";
		};
		90D70E581C33CE3F002B90B8 /* MJRefresh */ = {
			isa = PBXGroup;
			children = (
				90D70E591C33CE3F002B90B8 /* Base */,
				90D70E641C33CE3F002B90B8 /* Custom */,
				90D70E7B1C33CE3F002B90B8 /* MJRefresh.bundle */,
				90D70E7C1C33CE3F002B90B8 /* MJRefresh.h */,
				90D70E7D1C33CE3F002B90B8 /* MJRefreshConst.h */,
				90D70E7E1C33CE3F002B90B8 /* MJRefreshConst.m */,
				90D70E7F1C33CE3F002B90B8 /* UIScrollView+MJExtension.h */,
				90D70E801C33CE3F002B90B8 /* UIScrollView+MJExtension.m */,
				90D70E811C33CE3F002B90B8 /* UIScrollView+MJRefresh.h */,
				90D70E821C33CE3F002B90B8 /* UIScrollView+MJRefresh.m */,
				90D70E831C33CE3F002B90B8 /* UIView+MJExtension.h */,
				90D70E841C33CE3F002B90B8 /* UIView+MJExtension.m */,
			);
			path = MJRefresh;
			sourceTree = "<group>";
		};
		90D70E591C33CE3F002B90B8 /* Base */ = {
			isa = PBXGroup;
			children = (
				90D70E5A1C33CE3F002B90B8 /* MJRefreshAutoFooter.h */,
				90D70E5B1C33CE3F002B90B8 /* MJRefreshAutoFooter.m */,
				90D70E5C1C33CE3F002B90B8 /* MJRefreshBackFooter.h */,
				90D70E5D1C33CE3F002B90B8 /* MJRefreshBackFooter.m */,
				90D70E5E1C33CE3F002B90B8 /* MJRefreshComponent.h */,
				90D70E5F1C33CE3F002B90B8 /* MJRefreshComponent.m */,
				90D70E601C33CE3F002B90B8 /* MJRefreshFooter.h */,
				90D70E611C33CE3F002B90B8 /* MJRefreshFooter.m */,
				90D70E621C33CE3F002B90B8 /* MJRefreshHeader.h */,
				90D70E631C33CE3F002B90B8 /* MJRefreshHeader.m */,
			);
			path = Base;
			sourceTree = "<group>";
		};
		90D70E641C33CE3F002B90B8 /* Custom */ = {
			isa = PBXGroup;
			children = (
				90D70E651C33CE3F002B90B8 /* Footer */,
				90D70E741C33CE3F002B90B8 /* Header */,
			);
			path = Custom;
			sourceTree = "<group>";
		};
		90D70E651C33CE3F002B90B8 /* Footer */ = {
			isa = PBXGroup;
			children = (
				90D70E661C33CE3F002B90B8 /* Auto */,
				90D70E6D1C33CE3F002B90B8 /* Back */,
			);
			path = Footer;
			sourceTree = "<group>";
		};
		90D70E661C33CE3F002B90B8 /* Auto */ = {
			isa = PBXGroup;
			children = (
				90D70E671C33CE3F002B90B8 /* MJRefreshAutoGifFooter.h */,
				90D70E681C33CE3F002B90B8 /* MJRefreshAutoGifFooter.m */,
				90D70E691C33CE3F002B90B8 /* MJRefreshAutoNormalFooter.h */,
				90D70E6A1C33CE3F002B90B8 /* MJRefreshAutoNormalFooter.m */,
				90D70E6B1C33CE3F002B90B8 /* MJRefreshAutoStateFooter.h */,
				90D70E6C1C33CE3F002B90B8 /* MJRefreshAutoStateFooter.m */,
			);
			path = Auto;
			sourceTree = "<group>";
		};
		90D70E6D1C33CE3F002B90B8 /* Back */ = {
			isa = PBXGroup;
			children = (
				90D70E6E1C33CE3F002B90B8 /* MJRefreshBackGifFooter.h */,
				90D70E6F1C33CE3F002B90B8 /* MJRefreshBackGifFooter.m */,
				90D70E701C33CE3F002B90B8 /* MJRefreshBackNormalFooter.h */,
				90D70E711C33CE3F002B90B8 /* MJRefreshBackNormalFooter.m */,
				90D70E721C33CE3F002B90B8 /* MJRefreshBackStateFooter.h */,
				90D70E731C33CE3F002B90B8 /* MJRefreshBackStateFooter.m */,
			);
			path = Back;
			sourceTree = "<group>";
		};
		90D70E741C33CE3F002B90B8 /* Header */ = {
			isa = PBXGroup;
			children = (
				90D70E751C33CE3F002B90B8 /* MJRefreshGifHeader.h */,
				90D70E761C33CE3F002B90B8 /* MJRefreshGifHeader.m */,
				90D70E771C33CE3F002B90B8 /* MJRefreshNormalHeader.h */,
				90D70E781C33CE3F002B90B8 /* MJRefreshNormalHeader.m */,
				90D70E791C33CE3F002B90B8 /* MJRefreshStateHeader.h */,
				90D70E7A1C33CE3F002B90B8 /* MJRefreshStateHeader.m */,
			);
			path = Header;
			sourceTree = "<group>";
		};
		90E9A2281C281384002804E5 = {
			isa = PBXGroup;
			children = (
				905B09751C3A9CBD0060E4C6 /* MyPlayground.playground */,
				90E9A2331C281384002804E5 /* lzqBBS */,
				90E9A2321C281384002804E5 /* Products */,
				3C02054EA275D37F608AAB96 /* Pods */,
				29BCA774A4952B334CF36ED2 /* Frameworks */,
			);
			sourceTree = "<group>";
		};
		90E9A2321C281384002804E5 /* Products */ = {
			isa = PBXGroup;
			children = (
				90E9A2311C281384002804E5 /* lzqBBS.app */,
			);
			name = Products;
			sourceTree = "<group>";
		};
		90E9A2331C281384002804E5 /* lzqBBS */ = {
			isa = PBXGroup;
			children = (
				90F316591C321C290087E230 /* Profile */,
				90A90E1C1C28ECD6008A222F /* Module */,
				90E9A2461C2817A7002804E5 /* View */,
				90E9A2341C281384002804E5 /* AppDelegate.swift */,
				90E9A23B1C281384002804E5 /* Assets.xcassets */,
				90E9A2401C281384002804E5 /* Info.plist */,
			);
			path = lzqBBS;
			sourceTree = "<group>";
		};
		90E9A2461C2817A7002804E5 /* View */ = {
			isa = PBXGroup;
			children = (
				90E9A23D1C281384002804E5 /* LaunchScreen.storyboard */,
				90E9A2381C281384002804E5 /* Main.storyboard */,
				901F76FE1C2834C100F8B205 /* CateViewController.swift */,
				901F77001C284D5600F8B205 /* SubCateViewController.swift */,
				90AEB6591C2DA08F002F6C69 /* AllViewController.swift */,
				90FF68511C2FAA940090B086 /* DetailViewController.swift */,
				90A2BB3C1C378AF600BF2244 /* PostCell.swift */,
				9001D6711C3A52DE00DAACE5 /* DetailCell.swift */,
			);
			name = View;
			sourceTree = "<group>";
		};
		90F316591C321C290087E230 /* Profile */ = {
			isa = PBXGroup;
			children = (
				90F316571C321C210087E230 /* Config.swift */,
				90D70E571C33C85D002B90B8 /* Bridge.h */,
			);
			name = Profile;
			sourceTree = "<group>";
		};
/* End PBXGroup section */

/* Begin PBXNativeTarget section */
		90E9A2301C281384002804E5 /* lzqBBS */ = {
			isa = PBXNativeTarget;
			buildConfigurationList = 90E9A2431C281384002804E5 /* Build configuration list for PBXNativeTarget "lzqBBS" */;
			buildPhases = (
				93465FD53F3BB25D032BFE96 /* Check Pods Manifest.lock */,
				90E9A22D1C281384002804E5 /* Sources */,
				90E9A22E1C281384002804E5 /* Frameworks */,
				90E9A22F1C281384002804E5 /* Resources */,
				73B127480F2039F0AEE8839C /* Embed Pods Frameworks */,
				B4839B76F9EB125D9928B39B /* Copy Pods Resources */,
			);
			buildRules = (
			);
			dependencies = (
			);
			name = lzqBBS;
			productName = lzqBBS;
			productReference = 90E9A2311C281384002804E5 /* lzqBBS.app */;
			productType = "com.apple.product-type.application";
		};
/* End PBXNativeTarget section */

/* Begin PBXProject section */
		90E9A2291C281384002804E5 /* Project object */ = {
			isa = PBXProject;
			attributes = {
				LastSwiftUpdateCheck = 0710;
				LastUpgradeCheck = 0710;
				ORGANIZATIONNAME = "郭晓天";
				TargetAttributes = {
					90E9A2301C281384002804E5 = {
						CreatedOnToolsVersion = 7.1.1;
						DevelopmentTeam = 324R5KF727;
					};
				};
			};
			buildConfigurationList = 90E9A22C1C281384002804E5 /* Build configuration list for PBXProject "lzqBBS" */;
			compatibilityVersion = "Xcode 3.2";
			developmentRegion = English;
			hasScannedForEncodings = 0;
			knownRegions = (
				en,
				Base,
			);
			mainGroup = 90E9A2281C281384002804E5;
			productRefGroup = 90E9A2321C281384002804E5 /* Products */;
			projectDirPath = "";
			projectRoot = "";
			targets = (
				90E9A2301C281384002804E5 /* lzqBBS */,
			);
		};
/* End PBXProject section */

/* Begin PBXResourcesBuildPhase section */
		90E9A22F1C281384002804E5 /* Resources */ = {
			isa = PBXResourcesBuildPhase;
			buildActionMask = 2147483647;
			files = (
				90E9A23F1C281384002804E5 /* LaunchScreen.storyboard in Resources */,
				90E9A23C1C281384002804E5 /* Assets.xcassets in Resources */,
				90E9A23A1C281384002804E5 /* Main.storyboard in Resources */,
				90D70E931C33CE3F002B90B8 /* MJRefresh.bundle in Resources */,
			);
			runOnlyForDeploymentPostprocessing = 0;
		};
/* End PBXResourcesBuildPhase section */

/* Begin PBXShellScriptBuildPhase section */
		73B127480F2039F0AEE8839C /* Embed Pods Frameworks */ = {
			isa = PBXShellScriptBuildPhase;
			buildActionMask = 2147483647;
			files = (
			);
			inputPaths = (
			);
			name = "Embed Pods Frameworks";
			outputPaths = (
			);
			runOnlyForDeploymentPostprocessing = 0;
			shellPath = /bin/sh;
			shellScript = "\"${SRCROOT}/Pods/Target Support Files/Pods/Pods-frameworks.sh\"\n";
			showEnvVarsInLog = 0;
		};
		93465FD53F3BB25D032BFE96 /* Check Pods Manifest.lock */ = {
			isa = PBXShellScriptBuildPhase;
			buildActionMask = 2147483647;
			files = (
			);
			inputPaths = (
			);
			name = "Check Pods Manifest.lock";
			outputPaths = (
			);
			runOnlyForDeploymentPostprocessing = 0;
			shellPath = /bin/sh;
			shellScript = "diff \"${PODS_ROOT}/../Podfile.lock\" \"${PODS_ROOT}/Manifest.lock\" > /dev/null\nif [[ $? != 0 ]] ; then\n    cat << EOM\nerror: The sandbox is not in sync with the Podfile.lock. Run 'pod install' or update your CocoaPods installation.\nEOM\n    exit 1\nfi\n";
			showEnvVarsInLog = 0;
		};
		B4839B76F9EB125D9928B39B /* Copy Pods Resources */ = {
			isa = PBXShellScriptBuildPhase;
			buildActionMask = 2147483647;
			files = (
			);
			inputPaths = (
			);
			name = "Copy Pods Resources";
			outputPaths = (
			);
			runOnlyForDeploymentPostprocessing = 0;
			shellPath = /bin/sh;
			shellScript = "\"${SRCROOT}/Pods/Target Support Files/Pods/Pods-resources.sh\"\n";
			showEnvVarsInLog = 0;
		};
/* End PBXShellScriptBuildPhase section */

/* Begin PBXSourcesBuildPhase section */
		90E9A22D1C281384002804E5 /* Sources */ = {
			isa = PBXSourcesBuildPhase;
			buildActionMask = 2147483647;
			files = (
				90D70E851C33CE3F002B90B8 /* MJRefreshAutoFooter.m in Sources */,
				90D70E8C1C33CE3F002B90B8 /* MJRefreshAutoStateFooter.m in Sources */,
				90D70E8E1C33CE3F002B90B8 /* MJRefreshBackNormalFooter.m in Sources */,
				90D70E901C33CE3F002B90B8 /* MJRefreshGifHeader.m in Sources */,
				90D70E951C33CE3F002B90B8 /* UIScrollView+MJExtension.m in Sources */,
				90A2BB3D1C378AF600BF2244 /* PostCell.swift in Sources */,
				90AEB65A1C2DA08F002F6C69 /* AllViewController.swift in Sources */,
				90A90E1E1C28ECFF008A222F /* User.swift in Sources */,
				90D70E891C33CE3F002B90B8 /* MJRefreshHeader.m in Sources */,
				90D70E961C33CE3F002B90B8 /* UIScrollView+MJRefresh.m in Sources */,
				90D70E861C33CE3F002B90B8 /* MJRefreshBackFooter.m in Sources */,
				90D70E941C33CE3F002B90B8 /* MJRefreshConst.m in Sources */,
				90F316581C321C210087E230 /* Config.swift in Sources */,
				90E9A2351C281384002804E5 /* AppDelegate.swift in Sources */,
				90D70E8A1C33CE3F002B90B8 /* MJRefreshAutoGifFooter.m in Sources */,
				901F76FF1C2834C100F8B205 /* CateViewController.swift in Sources */,
				90A56E201C2A22E00082108B /* forum.swift in Sources */,
				90D70E881C33CE3F002B90B8 /* MJRefreshFooter.m in Sources */,
				90D70E871C33CE3F002B90B8 /* MJRefreshComponent.m in Sources */,
				90D70E8D1C33CE3F002B90B8 /* MJRefreshBackGifFooter.m in Sources */,
				901F77011C284D5600F8B205 /* SubCateViewController.swift in Sources */,
				90D70E921C33CE3F002B90B8 /* MJRefreshStateHeader.m in Sources */,
				90D70E8F1C33CE3F002B90B8 /* MJRefreshBackStateFooter.m in Sources */,
				90D70E971C33CE3F002B90B8 /* UIView+MJExtension.m in Sources */,
				90D70E911C33CE3F002B90B8 /* MJRefreshNormalHeader.m in Sources */,
				90D70E8B1C33CE3F002B90B8 /* MJRefreshAutoNormalFooter.m in Sources */,
				9001D6721C3A52DE00DAACE5 /* DetailCell.swift in Sources */,
				90FF68521C2FAA940090B086 /* DetailViewController.swift in Sources */,
			);
			runOnlyForDeploymentPostprocessing = 0;
		};
/* End PBXSourcesBuildPhase section */

/* Begin PBXVariantGroup section */
		90E9A2381C281384002804E5 /* Main.storyboard */ = {
			isa = PBXVariantGroup;
			children = (
				90E9A2391C281384002804E5 /* Base */,
			);
			name = Main.storyboard;
			sourceTree = "<group>";
		};
		90E9A23D1C281384002804E5 /* LaunchScreen.storyboard */ = {
			isa = PBXVariantGroup;
			children = (
				90E9A23E1C281384002804E5 /* Base */,
			);
			name = LaunchScreen.storyboard;
			sourceTree = "<group>";
		};
/* End PBXVariantGroup section */

/* Begin XCBuildConfiguration section */
		90E9A2411C281384002804E5 /* Debug */ = {
			isa = XCBuildConfiguration;
			buildSettings = {
				ALWAYS_SEARCH_USER_PATHS = NO;
				CLANG_CXX_LANGUAGE_STANDARD = "gnu++0x";
				CLANG_CXX_LIBRARY = "libc++";
				CLANG_ENABLE_MODULES = YES;
				CLANG_ENABLE_OBJC_ARC = YES;
				CLANG_WARN_BOOL_CONVERSION = YES;
				CLANG_WARN_CONSTANT_CONVERSION = YES;
				CLANG_WARN_DIRECT_OBJC_ISA_USAGE = YES_ERROR;
				CLANG_WARN_EMPTY_BODY = YES;
				CLANG_WARN_ENUM_CONVERSION = YES;
				CLANG_WARN_INT_CONVERSION = YES;
				CLANG_WARN_OBJC_ROOT_CLASS = YES_ERROR;
				CLANG_WARN_UNREACHABLE_CODE = YES;
				CLANG_WARN__DUPLICATE_METHOD_MATCH = YES;
				"CODE_SIGN_IDENTITY[sdk=iphoneos*]" = "iPhone Developer";
				COPY_PHASE_STRIP = NO;
				DEBUG_INFORMATION_FORMAT = dwarf;
				ENABLE_STRICT_OBJC_MSGSEND = YES;
				ENABLE_TESTABILITY = YES;
				GCC_C_LANGUAGE_STANDARD = gnu99;
				GCC_DYNAMIC_NO_PIC = NO;
				GCC_NO_COMMON_BLOCKS = YES;
				GCC_OPTIMIZATION_LEVEL = 0;
				GCC_PREPROCESSOR_DEFINITIONS = (
					"DEBUG=1",
					"$(inherited)",
				);
				GCC_WARN_64_TO_32_BIT_CONVERSION = YES;
				GCC_WARN_ABOUT_RETURN_TYPE = YES_ERROR;
				GCC_WARN_UNDECLARED_SELECTOR = YES;
				GCC_WARN_UNINITIALIZED_AUTOS = YES_AGGRESSIVE;
				GCC_WARN_UNUSED_FUNCTION = YES;
				GCC_WARN_UNUSED_VARIABLE = YES;
				IPHONEOS_DEPLOYMENT_TARGET = 9.1;
				MTL_ENABLE_DEBUG_INFO = YES;
				ONLY_ACTIVE_ARCH = YES;
				SDKROOT = iphoneos;
				SWIFT_OPTIMIZATION_LEVEL = "-Onone";
			};
			name = Debug;
		};
		90E9A2421C281384002804E5 /* Release */ = {
			isa = XCBuildConfiguration;
			buildSettings = {
				ALWAYS_SEARCH_USER_PATHS = NO;
				CLANG_CXX_LANGUAGE_STANDARD = "gnu++0x";
				CLANG_CXX_LIBRARY = "libc++";
				CLANG_ENABLE_MODULES = YES;
				CLANG_ENABLE_OBJC_ARC = YES;
				CLANG_WARN_BOOL_CONVERSION = YES;
				CLANG_WARN_CONSTANT_CONVERSION = YES;
				CLANG_WARN_DIRECT_OBJC_ISA_USAGE = YES_ERROR;
				CLANG_WARN_EMPTY_BODY = YES;
				CLANG_WARN_ENUM_CONVERSION = YES;
				CLANG_WARN_INT_CONVERSION = YES;
				CLANG_WARN_OBJC_ROOT_CLASS = YES_ERROR;
				CLANG_WARN_UNREACHABLE_CODE = YES;
				CLANG_WARN__DUPLICATE_METHOD_MATCH = YES;
				"CODE_SIGN_IDENTITY[sdk=iphoneos*]" = "iPhone Developer";
				COPY_PHASE_STRIP = NO;
				DEBUG_INFORMATION_FORMAT = "dwarf-with-dsym";
				ENABLE_NS_ASSERTIONS = NO;
				ENABLE_STRICT_OBJC_MSGSEND = YES;
				GCC_C_LANGUAGE_STANDARD = gnu99;
				GCC_NO_COMMON_BLOCKS = YES;
				GCC_WARN_64_TO_32_BIT_CONVERSION = YES;
				GCC_WARN_ABOUT_RETURN_TYPE = YES_ERROR;
				GCC_WARN_UNDECLARED_SELECTOR = YES;
				GCC_WARN_UNINITIALIZED_AUTOS = YES_AGGRESSIVE;
				GCC_WARN_UNUSED_FUNCTION = YES;
				GCC_WARN_UNUSED_VARIABLE = YES;
				IPHONEOS_DEPLOYMENT_TARGET = 9.1;
				MTL_ENABLE_DEBUG_INFO = NO;
				SDKROOT = iphoneos;
				VALIDATE_PRODUCT = YES;
			};
			name = Release;
		};
		90E9A2441C281384002804E5 /* Debug */ = {
			isa = XCBuildConfiguration;
			baseConfigurationReference = 6D84A8F520948B3932B06AE8 /* Pods.debug.xcconfig */;
			buildSettings = {
				ASSETCATALOG_COMPILER_APPICON_NAME = AppIcon;
				CODE_SIGN_IDENTITY = "iPhone Developer";
				"CODE_SIGN_IDENTITY[sdk=iphoneos*]" = "iPhone Developer";
				INFOPLIST_FILE = lzqBBS/Info.plist;
				IPHONEOS_DEPLOYMENT_TARGET = 9.0;
				LD_RUNPATH_SEARCH_PATHS = "$(inherited) @executable_path/Frameworks";
				PRODUCT_BUNDLE_IDENTIFIER = net.lzqstudio.lzqBBS;
				PRODUCT_NAME = "$(TARGET_NAME)";
				PROVISIONING_PROFILE = "";
				SWIFT_OBJC_BRIDGING_HEADER = lzqBBS/Bridge.h;
			};
			name = Debug;
		};
		90E9A2451C281384002804E5 /* Release */ = {
			isa = XCBuildConfiguration;
			baseConfigurationReference = 9C5F513880197BB765DF86BA /* Pods.release.xcconfig */;
			buildSettings = {
				ASSETCATALOG_COMPILER_APPICON_NAME = AppIcon;
				CODE_SIGN_IDENTITY = "iPhone Developer";
				"CODE_SIGN_IDENTITY[sdk=iphoneos*]" = "iPhone Developer";
				INFOPLIST_FILE = lzqBBS/Info.plist;
				IPHONEOS_DEPLOYMENT_TARGET = 9.0;
				LD_RUNPATH_SEARCH_PATHS = "$(inherited) @executable_path/Frameworks";
				PRODUCT_BUNDLE_IDENTIFIER = net.lzqstudio.lzqBBS;
				PRODUCT_NAME = "$(TARGET_NAME)";
				PROVISIONING_PROFILE = "";
				SWIFT_OBJC_BRIDGING_HEADER = lzqBBS/Bridge.h;
			};
			name = Release;
		};
/* End XCBuildConfiguration section */

/* Begin XCConfigurationList section */
		90E9A22C1C281384002804E5 /* Build configuration list for PBXProject "lzqBBS" */ = {
			isa = XCConfigurationList;
			buildConfigurations = (
				90E9A2411C281384002804E5 /* Debug */,
				90E9A2421C281384002804E5 /* Release */,
			);
			defaultConfigurationIsVisible = 0;
			defaultConfigurationName = Release;
		};
		90E9A2431C281384002804E5 /* Build configuration list for PBXNativeTarget "lzqBBS" */ = {
			isa = XCConfigurationList;
			buildConfigurations = (
				90E9A2441C281384002804E5 /* Debug */,
				90E9A2451C281384002804E5 /* Release */,
			);
			defaultConfigurationIsVisible = 0;
			defaultConfigurationName = Release;
		};
/* End XCConfigurationList section */
	};
	rootObject = 90E9A2291C281384002804E5 /* Project object */;
}
